// !$*UTF8*$!
{
	archiveVersion = 1;
	classes = {
	};
	objectVersion = 46;
	objects = {

/* Begin PBXBuildFile section */
		F16426781DFDCEDF00BE0C9C /* AppDelegate.swift in Sources */ = {isa = PBXBuildFile; fileRef = F16426771DFDCEDF00BE0C9C /* AppDelegate.swift */; };
		F164267A1DFDCEDF00BE0C9C /* Assets.xcassets in Resources */ = {isa = PBXBuildFile; fileRef = F16426791DFDCEDF00BE0C9C /* Assets.xcassets */; };
		F164267D1DFDCEDF00BE0C9C /* MainMenu.xib in Resources */ = {isa = PBXBuildFile; fileRef = F164267B1DFDCEDF00BE0C9C /* MainMenu.xib */; };
		F16426851DFDD1AD00BE0C9C /* StatusMenuController.swift in Sources */ = {isa = PBXBuildFile; fileRef = F16426841DFDD1AD00BE0C9C /* StatusMenuController.swift */; };
/* End PBXBuildFile section */

/* Begin PBXFileReference section */
		F16426741DFDCEDF00BE0C9C /* Basic Trackpad Server.app */ = {isa = PBXFileReference; explicitFileType = wrapper.application; includeInIndex = 0; path = "Basic Trackpad Server.app"; sourceTree = BUILT_PRODUCTS_DIR; };
		F16426771DFDCEDF00BE0C9C /* AppDelegate.swift */ = {isa = PBXFileReference; lastKnownFileType = sourcecode.swift; path = AppDelegate.swift; sourceTree = "<group>"; };
		F16426791DFDCEDF00BE0C9C /* Assets.xcassets */ = {isa = PBXFileReference; lastKnownFileType = folder.assetcatalog; path = Assets.xcassets; sourceTree = "<group>"; };
		F164267C1DFDCEDF00BE0C9C /* Base */ = {isa = PBXFileReference; lastKnownFileType = file.xib; name = Base; path = Base.lproj/MainMenu.xib; sourceTree = "<group>"; };
		F164267E1DFDCEDF00BE0C9C /* Info.plist */ = {isa = PBXFileReference; lastKnownFileType = text.plist.xml; path = Info.plist; sourceTree = "<group>"; };
		F16426841DFDD1AD00BE0C9C /* StatusMenuController.swift */ = {isa = PBXFileReference; fileEncoding = 4; lastKnownFileType = sourcecode.swift; path = StatusMenuController.swift; sourceTree = "<group>"; };
/* End PBXFileReference section */

/* Begin PBXFrameworksBuildPhase section */
		F16426711DFDCEDF00BE0C9C /* Frameworks */ = {
			isa = PBXFrameworksBuildPhase;
			buildActionMask = 2147483647;
			files = (
			);
			runOnlyForDeploymentPostprocessing = 0;
		};
/* End PBXFrameworksBuildPhase section */

/* Begin PBXGroup section */
		F164266B1DFDCEDF00BE0C9C = {
			isa = PBXGroup;
			children = (
				F16426761DFDCEDF00BE0C9C /* Basic Trackpad Server */,
				F16426751DFDCEDF00BE0C9C /* Products */,
			);
			sourceTree = "<group>";
		};
		F16426751DFDCEDF00BE0C9C /* Products */ = {
			isa = PBXGroup;
			children = (
				F16426741DFDCEDF00BE0C9C /* Basic Trackpad Server.app */,
			);
			name = Products;
			sourceTree = "<group>";
		};
		F16426761DFDCEDF00BE0C9C /* Basic Trackpad Server */ = {
			isa = PBXGroup;
			children = (
				F16426771DFDCEDF00BE0C9C /* AppDelegate.swift */,
				F16426841DFDD1AD00BE0C9C /* StatusMenuController.swift */,
				F16426791DFDCEDF00BE0C9C /* Assets.xcassets */,
				F164267B1DFDCEDF00BE0C9C /* MainMenu.xib */,
				F164267E1DFDCEDF00BE0C9C /* Info.plist */,
			);
			path = "Basic Trackpad Server";
			sourceTree = "<group>";
		};
/* End PBXGroup section */

/* Begin PBXNativeTarget section */
		F16426731DFDCEDF00BE0C9C /* Basic Trackpad Server */ = {
			isa = PBXNativeTarget;
			buildConfigurationList = F16426811DFDCEDF00BE0C9C /* Build configuration list for PBXNativeTarget "Basic Trackpad Server" */;
			buildPhases = (
				F16426701DFDCEDF00BE0C9C /* Sources */,
				F16426711DFDCEDF00BE0C9C /* Frameworks */,
				F16426721DFDCEDF00BE0C9C /* Resources */,
			);
			buildRules = (
			);
			dependencies = (
			);
			name = "Basic Trackpad Server";
			productName = "Basic Trackpad Server";
			productReference = F16426741DFDCEDF00BE0C9C /* Basic Trackpad Server.app */;
			productType = "com.apple.product-type.application";
		};
/* End PBXNativeTarget section */

/* Begin PBXProject section */
		F164266C1DFDCEDF00BE0C9C /* Project object */ = {
			isa = PBXProject;
			attributes = {
				LastSwiftUpdateCheck = 0810;
				LastUpgradeCheck = 0810;
				ORGANIZATIONNAME = "Tomasz Pieczykolan";
				TargetAttributes = {
					F16426731DFDCEDF00BE0C9C = {
						CreatedOnToolsVersion = 8.1;
						DevelopmentTeam = 87M528HN2U;
						ProvisioningStyle = Automatic;
					};
				};
			};
			buildConfigurationList = F164266F1DFDCEDF00BE0C9C /* Build configuration list for PBXProject "Basic Trackpad Server" */;
			compatibilityVersion = "Xcode 3.2";
			developmentRegion = English;
			hasScannedForEncodings = 0;
			knownRegions = (
				en,
				Base,
			);
			mainGroup = F164266B1DFDCEDF00BE0C9C;
			productRefGroup = F16426751DFDCEDF00BE0C9C /* Products */;
			projectDirPath = "";
			projectRoot = "";
			targets = (
				F16426731DFDCEDF00BE0C9C /* Basic Trackpad Server */,
			);
		};
/* End PBXProject section */

/* Begin PBXResourcesBuildPhase section */
		F16426721DFDCEDF00BE0C9C /* Resources */ = {
			isa = PBXResourcesBuildPhase;
			buildActionMask = 2147483647;
			files = (
				F164267A1DFDCEDF00BE0C9C /* Assets.xcassets in Resources */,
				F164267D1DFDCEDF00BE0C9C /* MainMenu.xib in Resources */,
			);
			runOnlyForDeploymentPostprocessing = 0;
		};
/* End PBXResourcesBuildPhase section */

/* Begin PBXSourcesBuildPhase section */
		F16426701DFDCEDF00BE0C9C /* Sources */ = {
			isa = PBXSourcesBuildPhase;
			buildActionMask = 2147483647;
			files = (
				F16426851DFDD1AD00BE0C9C /* StatusMenuController.swift in Sources */,
				F16426781DFDCEDF00BE0C9C /* AppDelegate.swift in Sources */,
			);
			runOnlyForDeploymentPostprocessing = 0;
		};
/* End PBXSourcesBuildPhase section */

/* Begin PBXVariantGroup section */
		F164267B1DFDCEDF00BE0C9C /* MainMenu.xib */ = {
			isa = PBXVariantGroup;
			children = (
				F164267C1DFDCEDF00BE0C9C /* Base */,
			);
			name = MainMenu.xib;
			sourceTree = "<group>";
		};
/* End PBXVariantGroup section */

/* Begin XCBuildConfiguration section */
		F164267F1DFDCEDF00BE0C9C /* Debug */ = {
			isa = XCBuildConfiguration;
			buildSettings = {
				ALWAYS_SEARCH_USER_PATHS = NO;
				CLANG_ANALYZER_NONNULL = YES;
				CLANG_CXX_LANGUAGE_STANDARD = "gnu++0x";
				CLANG_CXX_LIBRARY = "libc++";
				CLANG_ENABLE_MODULES = YES;
				CLANG_ENABLE_OBJC_ARC = YES;
				CLANG_WARN_BOOL_CONVERSION = YES;
				CLANG_WARN_CONSTANT_CONVERSION = YES;
				CLANG_WARN_DIRECT_OBJC_ISA_USAGE = YES_ERROR;
				CLANG_WARN_DOCUMENTATION_COMMENTS = YES;
				CLANG_WARN_EMPTY_BODY = YES;
				CLANG_WARN_ENUM_CONVERSION = YES;
				CLANG_WARN_INFINITE_RECURSION = YES;
				CLANG_WARN_INT_CONVERSION = YES;
				CLANG_WARN_OBJC_ROOT_CLASS = YES_ERROR;
				CLANG_WARN_SUSPICIOUS_MOVES = YES;
				CLANG_WARN_UNREACHABLE_CODE = YES;
				CLANG_WARN__DUPLICATE_METHOD_MATCH = YES;
				CODE_SIGN_IDENTITY = "-";
				COPY_PHASE_STRIP = NO;
				DEBUG_INFORMATION_FORMAT = dwarf;
				ENABLE_STRICT_OBJC_MSGSEND = YES;
				ENABLE_TESTABILITY = YES;
				GCC_C_LANGUAGE_STANDARD = gnu99;
				GCC_DYNAMIC_NO_PIC = NO;
				GCC_NO_COMMON_BLOCKS = YES;
				GCC_OPTIMIZATION_LEVEL = 0;
				GCC_PREPROCESSOR_DEFINITIONS = (
					"DEBUG=1",
					"$(inherited)",
				);
				GCC_WARN_64_TO_32_BIT_CONVERSION = YES;
				GCC_WARN_ABOUT_RETURN_TYPE = YES_ERROR;
				GCC_WARN_UNDECLARED_SELECTOR = YES;
				GCC_WARN_UNINITIALIZED_AUTOS = YES_AGGRESSIVE;
				GCC_WARN_UNUSED_FUNCTION = YES;
				GCC_WARN_UNUSED_VARIABLE = YES;
				MACOSX_DEPLOYMENT_TARGET = 10.11;
				MTL_ENABLE_DEBUG_INFO = YES;
				ONLY_ACTIVE_ARCH = YES;
				SDKROOT = macosx;
				SWIFT_ACTIVE_COMPILATION_CONDITIONS = DEBUG;
				SWIFT_OPTIMIZATION_LEVEL = "-Onone";
			};
			name = Debug;
		};
		F16426801DFDCEDF00BE0C9C /* Release */ = {
			isa = XCBuildConfiguration;
			buildSettings = {
				ALWAYS_SEARCH_USER_PATHS = NO;
				CLANG_ANALYZER_NONNULL = YES;
				CLANG_CXX_LANGUAGE_STANDARD = "gnu++0x";
				CLANG_CXX_LIBRARY = "libc++";
				CLANG_ENABLE_MODULES = YES;
				CLANG_ENABLE_OBJC_ARC = YES;
				CLANG_WARN_BOOL_CONVERSION = YES;
				CLANG_WARN_CONSTANT_CONVERSION = YES;
				CLANG_WARN_DIRECT_OBJC_ISA_USAGE = YES_ERROR;
				CLANG_WARN_DOCUMENTATION_COMMENTS = YES;
				CLANG_WARN_EMPTY_BODY = YES;
				CLANG_WARN_ENUM_CONVERSION = YES;
				CLANG_WARN_INFINITE_RECURSION = YES;
				CLANG_WARN_INT_CONVERSION = YES;
				CLANG_WARN_OBJC_ROOT_CLASS = YES_ERROR;
				CLANG_WARN_SUSPICIOUS_MOVES = YES;
				CLANG_WARN_UNREACHABLE_CODE = YES;
				CLANG_WARN__DUPLICATE_METHOD_MATCH = YES;
				CODE_SIGN_IDENTITY = "-";
				COPY_PHASE_STRIP = NO;
				DEBUG_INFORMATION_FORMAT = "dwarf-with-dsym";
				ENABLE_NS_ASSERTIONS = NO;
				ENABLE_STRICT_OBJC_MSGSEND = YES;
				GCC_C_LANGUAGE_STANDARD = gnu99;
				GCC_NO_COMMON_BLOCKS = YES;
				GCC_WARN_64_TO_32_BIT_CONVERSION = YES;
				GCC_WARN_ABOUT_RETURN_TYPE = YES_ERROR;
				GCC_WARN_UNDECLARED_SELECTOR = YES;
				GCC_WARN_UNINITIALIZED_AUTOS = YES_AGGRESSIVE;
				GCC_WARN_UNUSED_FUNCTION = YES;
				GCC_WARN_UNUSED_VARIABLE = YES;
				MACOSX_DEPLOYMENT_TARGET = 10.11;
				MTL_ENABLE_DEBUG_INFO = NO;
				SDKROOT = macosx;
				SWIFT_OPTIMIZATION_LEVEL = "-Owholemodule";
			};
			name = Release;
		};
		F16426821DFDCEDF00BE0C9C /* Debug */ = {
			isa = XCBuildConfiguration;
			buildSettings = {
				ASSETCATALOG_COMPILER_APPICON_NAME = AppIcon;
				COMBINE_HIDPI_IMAGES = YES;
				DEVELOPMENT_TEAM = 87M528HN2U;
				INFOPLIST_FILE = "Basic Trackpad Server/Info.plist";
				LD_RUNPATH_SEARCH_PATHS = "$(inherited) @executable_path/../Frameworks";
				PRODUCT_BUNDLE_IDENTIFIER = "com.tomaszpieczykolan.Basic-Trackpad-Server";
				PRODUCT_NAME = "$(TARGET_NAME)";
				SWIFT_VERSION = 3.0;
			};
			name = Debug;
		};
		F16426831DFDCEDF00BE0C9C /* Release */ = {
			isa = XCBuildConfiguration;
			buildSettings = {
				ASSETCATALOG_COMPILER_APPICON_NAME = AppIcon;
				COMBINE_HIDPI_IMAGES = YES;
				DEVELOPMENT_TEAM = 87M528HN2U;
				INFOPLIST_FILE = "Basic Trackpad Server/Info.plist";
				LD_RUNPATH_SEARCH_PATHS = "$(inherited) @executable_path/../Frameworks";
				PRODUCT_BUNDLE_IDENTIFIER = "com.tomaszpieczykolan.Basic-Trackpad-Server";
				PRODUCT_NAME = "$(TARGET_NAME)";
				SWIFT_VERSION = 3.0;
			};
			name = Release;
		};
/* End XCBuildConfiguration section */

/* Begin XCConfigurationList section */
		F164266F1DFDCEDF00BE0C9C /* Build configuration list for PBXProject "Basic Trackpad Server" */ = {
			isa = XCConfigurationList;
			buildConfigurations = (
				F164267F1DFDCEDF00BE0C9C /* Debug */,
				F16426801DFDCEDF00BE0C9C /* Release */,
			);
			defaultConfigurationIsVisible = 0;
			defaultConfigurationName = Release;
		};
		F16426811DFDCEDF00BE0C9C /* Build configuration list for PBXNativeTarget "Basic Trackpad Server" */ = {
			isa = XCConfigurationList;
			buildConfigurations = (
				F16426821DFDCEDF00BE0C9C /* Debug */,
				F16426831DFDCEDF00BE0C9C /* Release */,
			);
			defaultConfigurationIsVisible = 0;
			defaultConfigurationName = Release;
		};
/* End XCConfigurationList section */
	};
	rootObject = F164266C1DFDCEDF00BE0C9C /* Project object */;
}
